<Solution>
  <Configurations>
    <Platform Name="Any CPU" />
    <Platform Name="x64" />
    <Platform Name="x86" />
  </Configurations>
  <Folder Name="/Core/">
    <Project Path="Compression.Core/Compression.Core.csproj" />
    <Project Path="Crush.Core/Crush.Core.csproj" />
    <Project Path="Crush.TestUtilities/Crush.TestUtilities.csproj" />
    <Project Path="FileFormat.Core.Generators/FileFormat.Core.Generators.csproj" />
    <Project Path="FileFormat.Core/FileFormat.Core.csproj" />
    <Project Path="Hawkynt.ColorProcessing.Adapter.Generators/Hawkynt.ColorProcessing.Adapter.Generators.csproj" />
    <Project Path="Hawkynt.ColorProcessing.Adapter/Hawkynt.ColorProcessing.Adapter.csproj" />
    <Project Path="FileFormat.TextMode/FileFormat.TextMode.csproj" />
    <Project Path="FileFormat.Registry.Generator/FileFormat.Registry.Generator.csproj" />
  </Folder>
  <Folder Name="/MetaPackages/">
    <Project Path="Hawkynt.FileFormats.Images/Hawkynt.FileFormats.Images.csproj" />
    <Project Path="Hawkynt.FileFormats.Video/Hawkynt.FileFormats.Video.csproj" />
    <Project Path="Hawkynt.ImageTransformUI/Hawkynt.ImageTransformUI.csproj" />
  </Folder>
  <Folder Name="/Tools/">
    <Project Path="Tools/FontBaker/FontBaker.csproj" />
  </Folder>
  <Folder Name="/Crush/">
    <Project Path="Crush.Image/Crush.Image.csproj" />
    <Project Path="Crush.Viewer/Crush.Viewer.csproj" />
  </Folder>
  <Folder Name="/Optimizers/">
    <Project Path="Optimizers/Optimizer.Ani/Optimizer.Ani.csproj" />
    <Project Path="Optimizers/Optimizer.Bmp/Optimizer.Bmp.csproj" />
    <Project Path="Optimizers/Optimizer.Cur/Optimizer.Cur.csproj" />
    <Project Path="Optimizers/Optimizer.Gif/Optimizer.Gif.csproj" />
    <Project Path="Optimizers/Optimizer.Ico/Optimizer.Ico.csproj" />
    <Project Path="Optimizers/Optimizer.Image/Optimizer.Image.csproj" />
    <Project Path="Optimizers/Optimizer.Jpeg/Optimizer.Jpeg.csproj" />
    <Project Path="Optimizers/Optimizer.Pcx/Optimizer.Pcx.csproj" />
    <Project Path="Optimizers/Optimizer.Sgi/Optimizer.Sgi.csproj" />
    <Project Path="Optimizers/Optimizer.Png/Optimizer.Png.csproj" />
    <Project Path="Optimizers/Optimizer.Tga/Optimizer.Tga.csproj" />
    <Project Path="Optimizers/Optimizer.Tiff/Optimizer.Tiff.csproj" />
    <Project Path="Optimizers/Optimizer.WebP/Optimizer.WebP.csproj" />
  </Folder>
  <Folder Name="/Tests/">
    <Project Path="Tests/Compression.Tests/Compression.Tests.csproj" />
    <Project Path="Tests/Conformance.Recoil.Tests/Conformance.Recoil.Tests.csproj" />
    <Project Path="Tests/Hawkynt.ColorProcessing.Adapter.Tests/Hawkynt.ColorProcessing.Adapter.Tests.csproj" />
    <Project Path="Tests/Hawkynt.FileFormats.Images.Tests/Hawkynt.FileFormats.Images.Tests.csproj" />
    <Project Path="Tests/Hawkynt.FileFormats.Video.Tests/Hawkynt.FileFormats.Video.Tests.csproj" />
    <Project Path="Tests/EndToEnd.Tests/EndToEnd.Tests.csproj" />
    <Project Path="Tests/Optimizer.Ani.Tests/Optimizer.Ani.Tests.csproj" />
    <Project Path="Tests/Optimizer.Bmp.Tests/Optimizer.Bmp.Tests.csproj" />
    <Project Path="Tests/Optimizer.Cur.Tests/Optimizer.Cur.Tests.csproj" />
    <Project Path="Tests/Optimizer.Gif.Tests/Optimizer.Gif.Tests.csproj" />
    <Project Path="Tests/Optimizer.Ico.Tests/Optimizer.Ico.Tests.csproj" />
    <Project Path="Tests/Optimizer.Image.Tests/Optimizer.Image.Tests.csproj" />
    <Project Path="Tests/Optimizer.Jpeg.Tests/Optimizer.Jpeg.Tests.csproj" />
    <Project Path="Tests/Optimizer.Pcx.Tests/Optimizer.Pcx.Tests.csproj" />
    <Project Path="Tests/Optimizer.Sgi.Tests/Optimizer.Sgi.Tests.csproj" />
    <Project Path="Tests/Optimizer.Png.Tests/Optimizer.Png.Tests.csproj" />
    <Project Path="Tests/Optimizer.Tga.Tests/Optimizer.Tga.Tests.csproj" />
    <Project Path="Tests/Optimizer.Tiff.Tests/Optimizer.Tiff.Tests.csproj" />
    <Project Path="Tests/Optimizer.WebP.Tests/Optimizer.WebP.Tests.csproj" />
  </Folder>
</Solution>
